
Microsoft Visual Studio Solution File, Format Version 12.00
# Visual Studio Version 17
VisualStudioVersion = 17.3.32825.248
MinimumVisualStudioVersion = 10.0.40219.1
Project("{FAE04EC0-301F-11D3-BF4B-00C04F79EFBC}") = "Windows.Minecraft.Service", "Windows.Minecraft.Service\Windows.Minecraft.Service.csproj", "{122BD8D4-F20E-4B7E-9147-94ED34ABBC2C}"
EndProject
Global
	GlobalSection(SolutionConfigurationPlatforms) = preSolution
		Debug|Any CPU = Debug|Any CPU
		Release|Any CPU = Release|Any CPU
	EndGlobalSection
	GlobalSection(ProjectConfigurationPlatforms) = postSolution
		{122BD8D4-F20E-4B7E-9147-94ED34ABBC2C}.Debug|Any CPU.ActiveCfg = Debug|Any CPU
		{122BD8D4-F20E-4B7E-9147-94ED34ABBC2C}.Debug|Any CPU.Build.0 = Debug|Any CPU
		{122BD8D4-F20E-4B7E-9147-94ED34ABBC2C}.Release|Any CPU.ActiveCfg = Release|Any CPU
		{122BD8D4-F20E-4B7E-9147-94ED34ABBC2C}.Release|Any CPU.Build.0 = Release|Any CPU
	EndGlobalSection
	GlobalSection(SolutionProperties) = preSolution
		HideSolutionNode = FALSE
	EndGlobalSection
	GlobalSection(ExtensibilityGlobals) = postSolution
		SolutionGuid = {D5990A6D-6A32-4A0E-B4D4-5D6DF5664BA2}
	EndGlobalSection
EndGlobal
